
Microsoft Visual Studio Solution File, Format Version 12.00
# Visual Studio Version 17
VisualStudioVersion = 17.7.34221.43
MinimumVisualStudioVersion = 10.0.40219.1
Project("{FAE04EC0-301F-11D3-BF4B-00C04F79EFBC}") = "BearclawDevWebApp", "BearclawDevWebApp\BearclawDevWebApp.csproj", "{D1468F60-D319-46A5-A795-29E452E7F5EF}"
EndProject
Global
	GlobalSection(SolutionConfigurationPlatforms) = preSolution
		Debug|Any CPU = Debug|Any CPU
		Release|Any CPU = Release|Any CPU
	EndGlobalSection
	GlobalSection(ProjectConfigurationPlatforms) = postSolution
		{D1468F60-D319-46A5-A795-29E452E7F5EF}.Debug|Any CPU.ActiveCfg = Debug|Any CPU
		{D1468F60-D319-46A5-A795-29E452E7F5EF}.Debug|Any CPU.Build.0 = Debug|Any CPU
		{D1468F60-D319-46A5-A795-29E452E7F5EF}.Release|Any CPU.ActiveCfg = Release|Any CPU
		{D1468F60-D319-46A5-A795-29E452E7F5EF}.Release|Any CPU.Build.0 = Release|Any CPU
	EndGlobalSection
	GlobalSection(SolutionProperties) = preSolution
		HideSolutionNode = FALSE
	EndGlobalSection
	GlobalSection(ExtensibilityGlobals) = postSolution
		SolutionGuid = {51AC0A40-5E9D-44F6-9A64-62F1EBD1CB17}
	EndGlobalSection
EndGlobal
